// !$*UTF8*$!
{
	archiveVersion = 1;
	classes = {
	};
	objectVersion = 46;
	objects = {

/* Begin PBXBuildFile section */
		D305EF001C88BE8900CDD1AD /* main.cpp in Sources */ = {isa = PBXBuildFile; fileRef = D305EEFF1C88BE8900CDD1AD /* main.cpp */; };
		D305EF081C88BEDD00CDD1AD /* Venue.cpp in Sources */ = {isa = PBXBuildFile; fileRef = D305EF061C88BEDD00CDD1AD /* Venue.cpp */; };
		D305EF0D1C88F0B000CDD1AD /* Event.cpp in Sources */ = {isa = PBXBuildFile; fileRef = D305EF0B1C88F0B000CDD1AD /* Event.cpp */; };
/* End PBXBuildFile section */

/* Begin PBXCopyFilesBuildPhase section */
		D305EEFA1C88BE8900CDD1AD /* CopyFiles */ = {
			isa = PBXCopyFilesBuildPhase;
			buildActionMask = 2147483647;
			dstPath = /usr/share/man/man1/;
			dstSubfolderSpec = 0;
			files = (
			);
			runOnlyForDeploymentPostprocessing = 1;
		};
/* End PBXCopyFilesBuildPhase section */

/* Begin PBXFileReference section */
		D305EEFC1C88BE8900CDD1AD /* Exam 1 */ = {isa = PBXFileReference; explicitFileType = "compiled.mach-o.executable"; includeInIndex = 0; path = "Exam 1"; sourceTree = BUILT_PRODUCTS_DIR; };
		D305EEFF1C88BE8900CDD1AD /* main.cpp */ = {isa = PBXFileReference; lastKnownFileType = sourcecode.cpp.cpp; path = main.cpp; sourceTree = "<group>"; };
		D305EF061C88BEDD00CDD1AD /* Venue.cpp */ = {isa = PBXFileReference; fileEncoding = 4; lastKnownFileType = sourcecode.cpp.cpp; path = Venue.cpp; sourceTree = "<group>"; };
		D305EF091C88BEF700CDD1AD /* Venue.h */ = {isa = PBXFileReference; lastKnownFileType = sourcecode.c.h; path = Venue.h; sourceTree = "<group>"; };
		D305EF0A1C88F0A100CDD1AD /* Event.h */ = {isa = PBXFileReference; lastKnownFileType = sourcecode.c.h; path = Event.h; sourceTree = "<group>"; };
		D305EF0B1C88F0B000CDD1AD /* Event.cpp */ = {isa = PBXFileReference; fileEncoding = 4; lastKnownFileType = sourcecode.cpp.cpp; path = Event.cpp; sourceTree = "<group>"; };
/* End PBXFileReference section */

/* Begin PBXFrameworksBuildPhase section */
		D305EEF91C88BE8900CDD1AD /* Frameworks */ = {
			isa = PBXFrameworksBuildPhase;
			buildActionMask = 2147483647;
			files = (
			);
			runOnlyForDeploymentPostprocessing = 0;
		};
/* End PBXFrameworksBuildPhase section */

/* Begin PBXGroup section */
		D305EEF31C88BE8900CDD1AD = {
			isa = PBXGroup;
			children = (
				D305EEFE1C88BE8900CDD1AD /* Exam 1 */,
				D305EEFD1C88BE8900CDD1AD /* Products */,
			);
			sourceTree = "<group>";
		};
		D305EEFD1C88BE8900CDD1AD /* Products */ = {
			isa = PBXGroup;
			children = (
				D305EEFC1C88BE8900CDD1AD /* Exam 1 */,
			);
			name = Products;
			sourceTree = "<group>";
		};
		D305EEFE1C88BE8900CDD1AD /* Exam 1 */ = {
			isa = PBXGroup;
			children = (
				D305EEFF1C88BE8900CDD1AD /* main.cpp */,
				D305EF0B1C88F0B000CDD1AD /* Event.cpp */,
				D305EF0A1C88F0A100CDD1AD /* Event.h */,
				D305EF091C88BEF700CDD1AD /* Venue.h */,
				D305EF061C88BEDD00CDD1AD /* Venue.cpp */,
			);
			path = "Exam 1";
			sourceTree = "<group>";
		};
/* End PBXGroup section */

/* Begin PBXNativeTarget section */
		D305EEFB1C88BE8900CDD1AD /* Exam 1 */ = {
			isa = PBXNativeTarget;
			buildConfigurationList = D305EF031C88BE8900CDD1AD /* Build configuration list for PBXNativeTarget "Exam 1" */;
			buildPhases = (
				D305EEF81C88BE8900CDD1AD /* Sources */,
				D305EEF91C88BE8900CDD1AD /* Frameworks */,
				D305EEFA1C88BE8900CDD1AD /* CopyFiles */,
			);
			buildRules = (
			);
			dependencies = (
			);
			name = "Exam 1";
			productName = "Exam 1";
			productReference = D305EEFC1C88BE8900CDD1AD /* Exam 1 */;
			productType = "com.apple.product-type.tool";
		};
/* End PBXNativeTarget section */

/* Begin PBXProject section */
		D305EEF41C88BE8900CDD1AD /* Project object */ = {
			isa = PBXProject;
			attributes = {
				LastUpgradeCheck = 0720;
				ORGANIZATIONNAME = "Vince Porporato";
				TargetAttributes = {
					D305EEFB1C88BE8900CDD1AD = {
						CreatedOnToolsVersion = 7.2;
					};
				};
			};
			buildConfigurationList = D305EEF71C88BE8900CDD1AD /* Build configuration list for PBXProject "Exam 1" */;
			compatibilityVersion = "Xcode 3.2";
			developmentRegion = English;
			hasScannedForEncodings = 0;
			knownRegions = (
				en,
			);
			mainGroup = D305EEF31C88BE8900CDD1AD;
			productRefGroup = D305EEFD1C88BE8900CDD1AD /* Products */;
			projectDirPath = "";
			projectRoot = "";
			targets = (
				D305EEFB1C88BE8900CDD1AD /* Exam 1 */,
			);
		};
/* End PBXProject section */

/* Begin PBXSourcesBuildPhase section */
		D305EEF81C88BE8900CDD1AD /* Sources */ = {
			isa = PBXSourcesBuildPhase;
			buildActionMask = 2147483647;
			files = (
				D305EF0D1C88F0B000CDD1AD /* Event.cpp in Sources */,
				D305EF001C88BE8900CDD1AD /* main.cpp in Sources */,
				D305EF081C88BEDD00CDD1AD /* Venue.cpp in Sources */,
			);
			runOnlyForDeploymentPostprocessing = 0;
		};
/* End PBXSourcesBuildPhase section */

/* Begin XCBuildConfiguration section */
		D305EF011C88BE8900CDD1AD /* Debug */ = {
			isa = XCBuildConfiguration;
			buildSettings = {
				ALWAYS_SEARCH_USER_PATHS = NO;
				CLANG_CXX_LANGUAGE_STANDARD = "gnu++0x";
				CLANG_CXX_LIBRARY = "libc++";
				CLANG_ENABLE_MODULES = YES;
				CLANG_ENABLE_OBJC_ARC = YES;
				CLANG_WARN_BOOL_CONVERSION = YES;
				CLANG_WARN_CONSTANT_CONVERSION = YES;
				CLANG_WARN_DIRECT_OBJC_ISA_USAGE = YES_ERROR;
				CLANG_WARN_EMPTY_BODY = YES;
				CLANG_WARN_ENUM_CONVERSION = YES;
				CLANG_WARN_INT_CONVERSION = YES;
				CLANG_WARN_OBJC_ROOT_CLASS = YES_ERROR;
				CLANG_WARN_UNREACHABLE_CODE = YES;
				CLANG_WARN__DUPLICATE_METHOD_MATCH = YES;
				CODE_SIGN_IDENTITY = "-";
				COPY_PHASE_STRIP = NO;
				DEBUG_INFORMATION_FORMAT = dwarf;
				ENABLE_STRICT_OBJC_MSGSEND = YES;
				ENABLE_TESTABILITY = YES;
				GCC_C_LANGUAGE_STANDARD = gnu99;
				GCC_DYNAMIC_NO_PIC = NO;
				GCC_NO_COMMON_BLOCKS = YES;
				GCC_OPTIMIZATION_LEVEL = 0;
				GCC_PREPROCESSOR_DEFINITIONS = (
					"DEBUG=1",
					"$(inherited)",
				);
				GCC_WARN_64_TO_32_BIT_CONVERSION = YES;
				GCC_WARN_ABOUT_RETURN_TYPE = YES_ERROR;
				GCC_WARN_UNDECLARED_SELECTOR = YES;
				GCC_WARN_UNINITIALIZED_AUTOS = YES_AGGRESSIVE;
				GCC_WARN_UNUSED_FUNCTION = YES;
				GCC_WARN_UNUSED_VARIABLE = YES;
				MACOSX_DEPLOYMENT_TARGET = 10.10;
				MTL_ENABLE_DEBUG_INFO = YES;
				ONLY_ACTIVE_ARCH = YES;
				SDKROOT = macosx;
			};
			name = Debug;
		};
		D305EF021C88BE8900CDD1AD /* Release */ = {
			isa = XCBuildConfiguration;
			buildSettings = {
				ALWAYS_SEARCH_USER_PATHS = NO;
				CLANG_CXX_LANGUAGE_STANDARD = "gnu++0x";
				CLANG_CXX_LIBRARY = "libc++";
				CLANG_ENABLE_MODULES = YES;
				CLANG_ENABLE_OBJC_ARC = YES;
				CLANG_WARN_BOOL_CONVERSION = YES;
				CLANG_WARN_CONSTANT_CONVERSION = YES;
				CLANG_WARN_DIRECT_OBJC_ISA_USAGE = YES_ERROR;
				CLANG_WARN_EMPTY_BODY = YES;
				CLANG_WARN_ENUM_CONVERSION = YES;
				CLANG_WARN_INT_CONVERSION = YES;
				CLANG_WARN_OBJC_ROOT_CLASS = YES_ERROR;
				CLANG_WARN_UNREACHABLE_CODE = YES;
				CLANG_WARN__DUPLICATE_METHOD_MATCH = YES;
				CODE_SIGN_IDENTITY = "-";
				COPY_PHASE_STRIP = NO;
				DEBUG_INFORMATION_FORMAT = "dwarf-with-dsym";
				ENABLE_NS_ASSERTIONS = NO;
				ENABLE_STRICT_OBJC_MSGSEND = YES;
				GCC_C_LANGUAGE_STANDARD = gnu99;
				GCC_NO_COMMON_BLOCKS = YES;
				GCC_WARN_64_TO_32_BIT_CONVERSION = YES;
				GCC_WARN_ABOUT_RETURN_TYPE = YES_ERROR;
				GCC_WARN_UNDECLARED_SELECTOR = YES;
				GCC_WARN_UNINITIALIZED_AUTOS = YES_AGGRESSIVE;
				GCC_WARN_UNUSED_FUNCTION = YES;
				GCC_WARN_UNUSED_VARIABLE = YES;
				MACOSX_DEPLOYMENT_TARGET = 10.10;
				MTL_ENABLE_DEBUG_INFO = NO;
				SDKROOT = macosx;
			};
			name = Release;
		};
		D305EF041C88BE8900CDD1AD /* Debug */ = {
			isa = XCBuildConfiguration;
			buildSettings = {
				PRODUCT_NAME = "$(TARGET_NAME)";
			};
			name = Debug;
		};
		D305EF051C88BE8900CDD1AD /* Release */ = {
			isa = XCBuildConfiguration;
			buildSettings = {
				PRODUCT_NAME = "$(TARGET_NAME)";
			};
			name = Release;
		};
/* End XCBuildConfiguration section */

/* Begin XCConfigurationList section */
		D305EEF71C88BE8900CDD1AD /* Build configuration list for PBXProject "Exam 1" */ = {
			isa = XCConfigurationList;
			buildConfigurations = (
				D305EF011C88BE8900CDD1AD /* Debug */,
				D305EF021C88BE8900CDD1AD /* Release */,
			);
			defaultConfigurationIsVisible = 0;
			defaultConfigurationName = Release;
		};
		D305EF031C88BE8900CDD1AD /* Build configuration list for PBXNativeTarget "Exam 1" */ = {
			isa = XCConfigurationList;
			buildConfigurations = (
				D305EF041C88BE8900CDD1AD /* Debug */,
				D305EF051C88BE8900CDD1AD /* Release */,
			);
			defaultConfigurationIsVisible = 0;
			defaultConfigurationName = Release;
		};
/* End XCConfigurationList section */
	};
	rootObject = D305EEF41C88BE8900CDD1AD /* Project object */;
}
